// !$*UTF8*$!
{
	archiveVersion = 1;
	classes = {
	};
	objectVersion = 51;
	objects = {

/* Begin PBXBuildFile section */
		39708F0604396886FD0E128B /* Pods_LocationListViewer.framework in Frameworks */ = {isa = PBXBuildFile; fileRef = C0C1BF7EB62C1AD5A5626F28 /* Pods_LocationListViewer.framework */; };
		C07DBAF823FF543C00FFD60D /* AppDelegate.swift in Sources */ = {isa = PBXBuildFile; fileRef = C07DBAF723FF543C00FFD60D /* AppDelegate.swift */; };
		C07DBAFA23FF543C00FFD60D /* SceneDelegate.swift in Sources */ = {isa = PBXBuildFile; fileRef = C07DBAF923FF543C00FFD60D /* SceneDelegate.swift */; };
		C07DBAFC23FF543C00FFD60D /* ViewController.swift in Sources */ = {isa = PBXBuildFile; fileRef = C07DBAFB23FF543C00FFD60D /* ViewController.swift */; };
		C07DBAFF23FF543C00FFD60D /* Main.storyboard in Resources */ = {isa = PBXBuildFile; fileRef = C07DBAFD23FF543C00FFD60D /* Main.storyboard */; };
		C07DBB0123FF543D00FFD60D /* Assets.xcassets in Resources */ = {isa = PBXBuildFile; fileRef = C07DBB0023FF543D00FFD60D /* Assets.xcassets */; };
		C07DBB0423FF543D00FFD60D /* LaunchScreen.storyboard in Resources */ = {isa = PBXBuildFile; fileRef = C07DBB0223FF543D00FFD60D /* LaunchScreen.storyboard */; };
/* End PBXBuildFile section */

/* Begin PBXFileReference section */
		0CD2BCCE19945D3C78EA31F2 /* Pods-LocationListViewer.debug.xcconfig */ = {isa = PBXFileReference; includeInIndex = 1; lastKnownFileType = text.xcconfig; name = "Pods-LocationListViewer.debug.xcconfig"; path = "Target Support Files/Pods-LocationListViewer/Pods-LocationListViewer.debug.xcconfig"; sourceTree = "<group>"; };
		9B54A49C5F61C046DA6E0DC7 /* Pods-LocationListViewer.release.xcconfig */ = {isa = PBXFileReference; includeInIndex = 1; lastKnownFileType = text.xcconfig; name = "Pods-LocationListViewer.release.xcconfig"; path = "Target Support Files/Pods-LocationListViewer/Pods-LocationListViewer.release.xcconfig"; sourceTree = "<group>"; };
		C07DBAF423FF543C00FFD60D /* LocationListViewer.app */ = {isa = PBXFileReference; explicitFileType = wrapper.application; includeInIndex = 0; path = LocationListViewer.app; sourceTree = BUILT_PRODUCTS_DIR; };
		C07DBAF723FF543C00FFD60D /* AppDelegate.swift */ = {isa = PBXFileReference; lastKnownFileType = sourcecode.swift; path = AppDelegate.swift; sourceTree = "<group>"; };
		C07DBAF923FF543C00FFD60D /* SceneDelegate.swift */ = {isa = PBXFileReference; lastKnownFileType = sourcecode.swift; path = SceneDelegate.swift; sourceTree = "<group>"; };
		C07DBAFB23FF543C00FFD60D /* ViewController.swift */ = {isa = PBXFileReference; lastKnownFileType = sourcecode.swift; path = ViewController.swift; sourceTree = "<group>"; };
		C07DBAFE23FF543C00FFD60D /* Base */ = {isa = PBXFileReference; lastKnownFileType = file.storyboard; name = Base; path = Base.lproj/Main.storyboard; sourceTree = "<group>"; };
		C07DBB0023FF543D00FFD60D /* Assets.xcassets */ = {isa = PBXFileReference; lastKnownFileType = folder.assetcatalog; path = Assets.xcassets; sourceTree = "<group>"; };
		C07DBB0323FF543D00FFD60D /* Base */ = {isa = PBXFileReference; lastKnownFileType = file.storyboard; name = Base; path = Base.lproj/LaunchScreen.storyboard; sourceTree = "<group>"; };
		C07DBB0523FF543D00FFD60D /* Info.plist */ = {isa = PBXFileReference; lastKnownFileType = text.plist.xml; path = Info.plist; sourceTree = "<group>"; };
		C07DBB0B23FF551300FFD60D /* APIKeys.md */ = {isa = PBXFileReference; lastKnownFileType = net.daringfireball.markdown; path = APIKeys.md; sourceTree = "<group>"; };
		C07DBB0D23FF5F2200FFD60D /* SecretThings.md */ = {isa = PBXFileReference; lastKnownFileType = net.daringfireball.markdown; name = SecretThings.md; path = ../SecretThings.md; sourceTree = "<group>"; };
		C07DBB1824007A1000FFD60D /* mapbox.txt */ = {isa = PBXFileReference; lastKnownFileType = text; path = mapbox.txt; sourceTree = "<group>"; };
		C0C1BF7EB62C1AD5A5626F28 /* Pods_LocationListViewer.framework */ = {isa = PBXFileReference; explicitFileType = wrapper.framework; includeInIndex = 0; path = Pods_LocationListViewer.framework; sourceTree = BUILT_PRODUCTS_DIR; };
/* End PBXFileReference section */

/* Begin PBXFrameworksBuildPhase section */
		C07DBAF123FF543C00FFD60D /* Frameworks */ = {
			isa = PBXFrameworksBuildPhase;
			buildActionMask = 2147483647;
			files = (
				39708F0604396886FD0E128B /* Pods_LocationListViewer.framework in Frameworks */,
			);
			runOnlyForDeploymentPostprocessing = 0;
		};
/* End PBXFrameworksBuildPhase section */

/* Begin PBXGroup section */
		18A1E6A09879DC2DC339AD75 /* Frameworks */ = {
			isa = PBXGroup;
			children = (
				C0C1BF7EB62C1AD5A5626F28 /* Pods_LocationListViewer.framework */,
			);
			name = Frameworks;
			sourceTree = "<group>";
		};
		C07DBAEB23FF543C00FFD60D = {
			isa = PBXGroup;
			children = (
				C07DBAF623FF543C00FFD60D /* LocationListViewer */,
				C07DBAF523FF543C00FFD60D /* Products */,
				DF05332B3569540980BC93AF /* Pods */,
				18A1E6A09879DC2DC339AD75 /* Frameworks */,
			);
			sourceTree = "<group>";
		};
		C07DBAF523FF543C00FFD60D /* Products */ = {
			isa = PBXGroup;
			children = (
				C07DBAF423FF543C00FFD60D /* LocationListViewer.app */,
			);
			name = Products;
			sourceTree = "<group>";
		};
		C07DBAF623FF543C00FFD60D /* LocationListViewer */ = {
			isa = PBXGroup;
			children = (
				C07DBAF723FF543C00FFD60D /* AppDelegate.swift */,
				C07DBAF923FF543C00FFD60D /* SceneDelegate.swift */,
				C07DBAFB23FF543C00FFD60D /* ViewController.swift */,
				C07DBAFD23FF543C00FFD60D /* Main.storyboard */,
				C07DBB0023FF543D00FFD60D /* Assets.xcassets */,
				C07DBB0223FF543D00FFD60D /* LaunchScreen.storyboard */,
				C07DBB0B23FF551300FFD60D /* APIKeys.md */,
				C07DBB0523FF543D00FFD60D /* Info.plist */,
				C07DBB0D23FF5F2200FFD60D /* SecretThings.md */,
				C07DBB1824007A1000FFD60D /* mapbox.txt */,
			);
			path = LocationListViewer;
			sourceTree = "<group>";
		};
		DF05332B3569540980BC93AF /* Pods */ = {
			isa = PBXGroup;
			children = (
				0CD2BCCE19945D3C78EA31F2 /* Pods-LocationListViewer.debug.xcconfig */,
				9B54A49C5F61C046DA6E0DC7 /* Pods-LocationListViewer.release.xcconfig */,
			);
			path = Pods;
			sourceTree = "<group>";
		};
/* End PBXGroup section */

/* Begin PBXNativeTarget section */
		C07DBAF323FF543C00FFD60D /* LocationListViewer */ = {
			isa = PBXNativeTarget;
			buildConfigurationList = C07DBB0823FF543D00FFD60D /* Build configuration list for PBXNativeTarget "LocationListViewer" */;
			buildPhases = (
				04DABF8AB460F659C8B9F8BC /* [CP] Check Pods Manifest.lock */,
				C07DBAF023FF543C00FFD60D /* Sources */,
				C07DBAF123FF543C00FFD60D /* Frameworks */,
				C07DBAF223FF543C00FFD60D /* Resources */,
				C07DBB0E23FF60F000FFD60D /* ShellScript */,
				A902DB9432D92517A83A42E6 /* [CP] Embed Pods Frameworks */,
			);
			buildRules = (
			);
			dependencies = (
			);
			name = LocationListViewer;
			productName = LocationListViewer;
			productReference = C07DBAF423FF543C00FFD60D /* LocationListViewer.app */;
			productType = "com.apple.product-type.application";
		};
/* End PBXNativeTarget section */

/* Begin PBXProject section */
		C07DBAEC23FF543C00FFD60D /* Project object */ = {
			isa = PBXProject;
			attributes = {
				LastSwiftUpdateCheck = 1130;
				LastUpgradeCheck = 1130;
				ORGANIZATIONNAME = morse;
				TargetAttributes = {
					C07DBAF323FF543C00FFD60D = {
						CreatedOnToolsVersion = 11.3.1;
					};
				};
			};
			buildConfigurationList = C07DBAEF23FF543C00FFD60D /* Build configuration list for PBXProject "LocationListViewer" */;
			compatibilityVersion = "Xcode 9.3";
			developmentRegion = en;
			hasScannedForEncodings = 0;
			knownRegions = (
				en,
				Base,
			);
			mainGroup = C07DBAEB23FF543C00FFD60D;
			productRefGroup = C07DBAF523FF543C00FFD60D /* Products */;
			projectDirPath = "";
			projectRoot = "";
			targets = (
				C07DBAF323FF543C00FFD60D /* LocationListViewer */,
			);
		};
/* End PBXProject section */

/* Begin PBXResourcesBuildPhase section */
		C07DBAF223FF543C00FFD60D /* Resources */ = {
			isa = PBXResourcesBuildPhase;
			buildActionMask = 2147483647;
			files = (
				C07DBB0423FF543D00FFD60D /* LaunchScreen.storyboard in Resources */,
				C07DBB0123FF543D00FFD60D /* Assets.xcassets in Resources */,
				C07DBAFF23FF543C00FFD60D /* Main.storyboard in Resources */,
			);
			runOnlyForDeploymentPostprocessing = 0;
		};
/* End PBXResourcesBuildPhase section */

/* Begin PBXShellScriptBuildPhase section */
		04DABF8AB460F659C8B9F8BC /* [CP] Check Pods Manifest.lock */ = {
			isa = PBXShellScriptBuildPhase;
			buildActionMask = 2147483647;
			files = (
			);
			inputFileListPaths = (
			);
			inputPaths = (
				"${PODS_PODFILE_DIR_PATH}/Podfile.lock",
				"${PODS_ROOT}/Manifest.lock",
			);
			name = "[CP] Check Pods Manifest.lock";
			outputFileListPaths = (
			);
			outputPaths = (
				"$(DERIVED_FILE_DIR)/Pods-LocationListViewer-checkManifestLockResult.txt",
			);
			runOnlyForDeploymentPostprocessing = 0;
			shellPath = /bin/sh;
			shellScript = "diff \"${PODS_PODFILE_DIR_PATH}/Podfile.lock\" \"${PODS_ROOT}/Manifest.lock\" > /dev/null\nif [ $? != 0 ] ; then\n    # print error to STDERR\n    echo \"error: The sandbox is not in sync with the Podfile.lock. Run 'pod install' or update your CocoaPods installation.\" >&2\n    exit 1\nfi\n# This output is used by Xcode 'outputs' to avoid re-running this script phase.\necho \"SUCCESS\" > \"${SCRIPT_OUTPUT_FILE_0}\"\n";
			showEnvVarsInLog = 0;
		};
		A902DB9432D92517A83A42E6 /* [CP] Embed Pods Frameworks */ = {
			isa = PBXShellScriptBuildPhase;
			buildActionMask = 2147483647;
			files = (
			);
			inputFileListPaths = (
				"${PODS_ROOT}/Target Support Files/Pods-LocationListViewer/Pods-LocationListViewer-frameworks-${CONFIGURATION}-input-files.xcfilelist",
			);
			name = "[CP] Embed Pods Frameworks";
			outputFileListPaths = (
				"${PODS_ROOT}/Target Support Files/Pods-LocationListViewer/Pods-LocationListViewer-frameworks-${CONFIGURATION}-output-files.xcfilelist",
			);
			runOnlyForDeploymentPostprocessing = 0;
			shellPath = /bin/sh;
			shellScript = "\"${PODS_ROOT}/Target Support Files/Pods-LocationListViewer/Pods-LocationListViewer-frameworks.sh\"\n";
			showEnvVarsInLog = 0;
		};
		C07DBB0E23FF60F000FFD60D /* ShellScript */ = {
			isa = PBXShellScriptBuildPhase;
			buildActionMask = 2147483647;
			files = (
			);
			inputFileListPaths = (
			);
			inputPaths = (
			);
			outputFileListPaths = (
			);
			outputPaths = (
			);
			runOnlyForDeploymentPostprocessing = 0;
			shellPath = /bin/sh;
			shellScript = "# Type a script or drag a script file from your workspace to insert its path.\n\n# Look for a global file named 'mapbox' or '.mapbox' within the home directory\ntoken_file=~/.mapbox\ntoken_file2=~/mapbox\ntoken=\"$(cat $token_file 2>/dev/null || cat $token_file2 2>/dev/null)\"\nif [ \"$token\" ]; then\n  plutil -replace MGLMapboxAccessToken -string $token \"$TARGET_BUILD_DIR/$INFOPLIST_PATH\"\nelse\n  echo 'warning: Missing Mapbox access token'\n  open 'https://account.mapbox.com/access-tokens/'\n  echo \"warning: Get an access token from <https://account.mapbox.com/access-tokens/>, then create a new file at $token_file or $token_file2 that contains the access token.\"\nfi\n\n";
		};
/* End PBXShellScriptBuildPhase section */

/* Begin PBXSourcesBuildPhase section */
		C07DBAF023FF543C00FFD60D /* Sources */ = {
			isa = PBXSourcesBuildPhase;
			buildActionMask = 2147483647;
			files = (
				C07DBAFC23FF543C00FFD60D /* ViewController.swift in Sources */,
				C07DBAF823FF543C00FFD60D /* AppDelegate.swift in Sources */,
				C07DBAFA23FF543C00FFD60D /* SceneDelegate.swift in Sources */,
			);
			runOnlyForDeploymentPostprocessing = 0;
		};
/* End PBXSourcesBuildPhase section */

/* Begin PBXVariantGroup section */
		C07DBAFD23FF543C00FFD60D /* Main.storyboard */ = {
			isa = PBXVariantGroup;
			children = (
				C07DBAFE23FF543C00FFD60D /* Base */,
			);
			name = Main.storyboard;
			sourceTree = "<group>";
		};
		C07DBB0223FF543D00FFD60D /* LaunchScreen.storyboard */ = {
			isa = PBXVariantGroup;
			children = (
				C07DBB0323FF543D00FFD60D /* Base */,
			);
			name = LaunchScreen.storyboard;
			sourceTree = "<group>";
		};
/* End PBXVariantGroup section */

/* Begin XCBuildConfiguration section */
		C07DBB0623FF543D00FFD60D /* Debug */ = {
			isa = XCBuildConfiguration;
			buildSettings = {
				ALWAYS_SEARCH_USER_PATHS = NO;
				CLANG_ANALYZER_NONNULL = YES;
				CLANG_ANALYZER_NUMBER_OBJECT_CONVERSION = YES_AGGRESSIVE;
				CLANG_CXX_LANGUAGE_STANDARD = "gnu++14";
				CLANG_CXX_LIBRARY = "libc++";
				CLANG_ENABLE_MODULES = YES;
				CLANG_ENABLE_OBJC_ARC = YES;
				CLANG_ENABLE_OBJC_WEAK = YES;
				CLANG_WARN_BLOCK_CAPTURE_AUTORELEASING = YES;
				CLANG_WARN_BOOL_CONVERSION = YES;
				CLANG_WARN_COMMA = YES;
				CLANG_WARN_CONSTANT_CONVERSION = YES;
				CLANG_WARN_DEPRECATED_OBJC_IMPLEMENTATIONS = YES;
				CLANG_WARN_DIRECT_OBJC_ISA_USAGE = YES_ERROR;
				CLANG_WARN_DOCUMENTATION_COMMENTS = YES;
				CLANG_WARN_EMPTY_BODY = YES;
				CLANG_WARN_ENUM_CONVERSION = YES;
				CLANG_WARN_INFINITE_RECURSION = YES;
				CLANG_WARN_INT_CONVERSION = YES;
				CLANG_WARN_NON_LITERAL_NULL_CONVERSION = YES;
				CLANG_WARN_OBJC_IMPLICIT_RETAIN_SELF = YES;
				CLANG_WARN_OBJC_LITERAL_CONVERSION = YES;
				CLANG_WARN_OBJC_ROOT_CLASS = YES_ERROR;
				CLANG_WARN_RANGE_LOOP_ANALYSIS = YES;
				CLANG_WARN_STRICT_PROTOTYPES = YES;
				CLANG_WARN_SUSPICIOUS_MOVE = YES;
				CLANG_WARN_UNGUARDED_AVAILABILITY = YES_AGGRESSIVE;
				CLANG_WARN_UNREACHABLE_CODE = YES;
				CLANG_WARN__DUPLICATE_METHOD_MATCH = YES;
				COPY_PHASE_STRIP = NO;
				DEBUG_INFORMATION_FORMAT = dwarf;
				ENABLE_STRICT_OBJC_MSGSEND = YES;
				ENABLE_TESTABILITY = YES;
				GCC_C_LANGUAGE_STANDARD = gnu11;
				GCC_DYNAMIC_NO_PIC = NO;
				GCC_NO_COMMON_BLOCKS = YES;
				GCC_OPTIMIZATION_LEVEL = 0;
				GCC_PREPROCESSOR_DEFINITIONS = (
					"DEBUG=1",
					"$(inherited)",
				);
				GCC_WARN_64_TO_32_BIT_CONVERSION = YES;
				GCC_WARN_ABOUT_RETURN_TYPE = YES_ERROR;
				GCC_WARN_UNDECLARED_SELECTOR = YES;
				GCC_WARN_UNINITIALIZED_AUTOS = YES_AGGRESSIVE;
				GCC_WARN_UNUSED_FUNCTION = YES;
				GCC_WARN_UNUSED_VARIABLE = YES;
				IPHONEOS_DEPLOYMENT_TARGET = 13.2;
				MTL_ENABLE_DEBUG_INFO = INCLUDE_SOURCE;
				MTL_FAST_MATH = YES;
				ONLY_ACTIVE_ARCH = YES;
				SDKROOT = iphoneos;
				SWIFT_ACTIVE_COMPILATION_CONDITIONS = DEBUG;
				SWIFT_OPTIMIZATION_LEVEL = "-Onone";
			};
			name = Debug;
		};
		C07DBB0723FF543D00FFD60D /* Release */ = {
			isa = XCBuildConfiguration;
			buildSettings = {
				ALWAYS_SEARCH_USER_PATHS = NO;
				CLANG_ANALYZER_NONNULL = YES;
				CLANG_ANALYZER_NUMBER_OBJECT_CONVERSION = YES_AGGRESSIVE;
				CLANG_CXX_LANGUAGE_STANDARD = "gnu++14";
				CLANG_CXX_LIBRARY = "libc++";
				CLANG_ENABLE_MODULES = YES;
				CLANG_ENABLE_OBJC_ARC = YES;
				CLANG_ENABLE_OBJC_WEAK = YES;
				CLANG_WARN_BLOCK_CAPTURE_AUTORELEASING = YES;
				CLANG_WARN_BOOL_CONVERSION = YES;
				CLANG_WARN_COMMA = YES;
				CLANG_WARN_CONSTANT_CONVERSION = YES;
				CLANG_WARN_DEPRECATED_OBJC_IMPLEMENTATIONS = YES;
				CLANG_WARN_DIRECT_OBJC_ISA_USAGE = YES_ERROR;
				CLANG_WARN_DOCUMENTATION_COMMENTS = YES;
				CLANG_WARN_EMPTY_BODY = YES;
				CLANG_WARN_ENUM_CONVERSION = YES;
				CLANG_WARN_INFINITE_RECURSION = YES;
				CLANG_WARN_INT_CONVERSION = YES;
				CLANG_WARN_NON_LITERAL_NULL_CONVERSION = YES;
				CLANG_WARN_OBJC_IMPLICIT_RETAIN_SELF = YES;
				CLANG_WARN_OBJC_LITERAL_CONVERSION = YES;
				CLANG_WARN_OBJC_ROOT_CLASS = YES_ERROR;
				CLANG_WARN_RANGE_LOOP_ANALYSIS = YES;
				CLANG_WARN_STRICT_PROTOTYPES = YES;
				CLANG_WARN_SUSPICIOUS_MOVE = YES;
				CLANG_WARN_UNGUARDED_AVAILABILITY = YES_AGGRESSIVE;
				CLANG_WARN_UNREACHABLE_CODE = YES;
				CLANG_WARN__DUPLICATE_METHOD_MATCH = YES;
				COPY_PHASE_STRIP = NO;
				DEBUG_INFORMATION_FORMAT = "dwarf-with-dsym";
				ENABLE_NS_ASSERTIONS = NO;
				ENABLE_STRICT_OBJC_MSGSEND = YES;
				GCC_C_LANGUAGE_STANDARD = gnu11;
				GCC_NO_COMMON_BLOCKS = YES;
				GCC_WARN_64_TO_32_BIT_CONVERSION = YES;
				GCC_WARN_ABOUT_RETURN_TYPE = YES_ERROR;
				GCC_WARN_UNDECLARED_SELECTOR = YES;
				GCC_WARN_UNINITIALIZED_AUTOS = YES_AGGRESSIVE;
				GCC_WARN_UNUSED_FUNCTION = YES;
				GCC_WARN_UNUSED_VARIABLE = YES;
				IPHONEOS_DEPLOYMENT_TARGET = 13.2;
				MTL_ENABLE_DEBUG_INFO = NO;
				MTL_FAST_MATH = YES;
				SDKROOT = iphoneos;
				SWIFT_COMPILATION_MODE = wholemodule;
				SWIFT_OPTIMIZATION_LEVEL = "-O";
				VALIDATE_PRODUCT = YES;
			};
			name = Release;
		};
		C07DBB0923FF543D00FFD60D /* Debug */ = {
			isa = XCBuildConfiguration;
			baseConfigurationReference = 0CD2BCCE19945D3C78EA31F2 /* Pods-LocationListViewer.debug.xcconfig */;
			buildSettings = {
				ASSETCATALOG_COMPILER_APPICON_NAME = AppIcon;
				CODE_SIGN_STYLE = Automatic;
				INFOPLIST_FILE = LocationListViewer/Info.plist;
				LD_RUNPATH_SEARCH_PATHS = (
					"$(inherited)",
					"@executable_path/Frameworks",
				);
				PRODUCT_BUNDLE_IDENTIFIER = git.LocationListViewer;
				PRODUCT_NAME = "$(TARGET_NAME)";
				SWIFT_VERSION = 5.0;
				TARGETED_DEVICE_FAMILY = "1,2";
			};
			name = Debug;
		};
		C07DBB0A23FF543D00FFD60D /* Release */ = {
			isa = XCBuildConfiguration;
			baseConfigurationReference = 9B54A49C5F61C046DA6E0DC7 /* Pods-LocationListViewer.release.xcconfig */;
			buildSettings = {
				ASSETCATALOG_COMPILER_APPICON_NAME = AppIcon;
				CODE_SIGN_STYLE = Automatic;
				INFOPLIST_FILE = LocationListViewer/Info.plist;
				LD_RUNPATH_SEARCH_PATHS = (
					"$(inherited)",
					"@executable_path/Frameworks",
				);
				PRODUCT_BUNDLE_IDENTIFIER = git.LocationListViewer;
				PRODUCT_NAME = "$(TARGET_NAME)";
				SWIFT_VERSION = 5.0;
				TARGETED_DEVICE_FAMILY = "1,2";
			};
			name = Release;
		};
/* End XCBuildConfiguration section */

/* Begin XCConfigurationList section */
		C07DBAEF23FF543C00FFD60D /* Build configuration list for PBXProject "LocationListViewer" */ = {
			isa = XCConfigurationList;
			buildConfigurations = (
				C07DBB0623FF543D00FFD60D /* Debug */,
				C07DBB0723FF543D00FFD60D /* Release */,
			);
			defaultConfigurationIsVisible = 0;
			defaultConfigurationName = Release;
		};
		C07DBB0823FF543D00FFD60D /* Build configuration list for PBXNativeTarget "LocationListViewer" */ = {
			isa = XCConfigurationList;
			buildConfigurations = (
				C07DBB0923FF543D00FFD60D /* Debug */,
				C07DBB0A23FF543D00FFD60D /* Release */,
			);
			defaultConfigurationIsVisible = 0;
			defaultConfigurationName = Release;
		};
/* End XCConfigurationList section */
	};
	rootObject = C07DBAEC23FF543C00FFD60D /* Project object */;
}
